
Microsoft Visual Studio Solution File, Format Version 12.00
# Visual Studio Version 17
VisualStudioVersion = 17.8.34330.188
MinimumVisualStudioVersion = 10.0.40219.1
Project("{54A90642-561A-4BB1-A94E-469ADEE60C69}") = "assignment.client", "assignment.client\assignment.client.esproj", "{379A83DF-5F91-4DA6-AB63-81872BC6560E}"
EndProject
Global
	GlobalSection(SolutionConfigurationPlatforms) = preSolution
		Debug|Any CPU = Debug|Any CPU
		Release|Any CPU = Release|Any CPU
	EndGlobalSection
	GlobalSection(ProjectConfigurationPlatforms) = postSolution
		{379A83DF-5F91-4DA6-AB63-81872BC6560E}.Debug|Any CPU.ActiveCfg = Debug|Any CPU
		{379A83DF-5F91-4DA6-AB63-81872BC6560E}.Debug|Any CPU.Build.0 = Debug|Any CPU
		{379A83DF-5F91-4DA6-AB63-81872BC6560E}.Debug|Any CPU.Deploy.0 = Debug|Any CPU
		{379A83DF-5F91-4DA6-AB63-81872BC6560E}.Release|Any CPU.ActiveCfg = Release|Any CPU
		{379A83DF-5F91-4DA6-AB63-81872BC6560E}.Release|Any CPU.Build.0 = Release|Any CPU
		{379A83DF-5F91-4DA6-AB63-81872BC6560E}.Release|Any CPU.Deploy.0 = Release|Any CPU
	EndGlobalSection
	GlobalSection(SolutionProperties) = preSolution
		HideSolutionNode = FALSE
	EndGlobalSection
	GlobalSection(ExtensibilityGlobals) = postSolution
		SolutionGuid = {149024E6-63A2-4F36-9182-F7D0724AC814}
	EndGlobalSection
EndGlobal
